
Microsoft Visual Studio Solution File, Format Version 12.00
# Visual Studio Version 17
VisualStudioVersion = 17.14.36310.24
MinimumVisualStudioVersion = 10.0.40219.1
Project("{2150E333-8FDC-42A3-9474-1A3956D46DE8}") = "02. Engine", "02. Engine", "{061A721D-8825-44C9-9408-B71FE012FADF}"
EndProject
Project("{2150E333-8FDC-42A3-9474-1A3956D46DE8}") = "03. Base", "03. Base", "{A3E2FC03-CEC7-48B7-B87A-ABB68967C4A9}"
	ProjectSection(SolutionItems) = preProject
		Base\Base.h = Base\Base.h
		Base\Base.inl = Base\Base.inl
	EndProjectSection
EndProject
Project("{8BC9CEB8-8B4A-11D0-8D11-00A0C91BC942}") = "Client", "Client\Include\Client.vcxproj", "{E0FCC02A-C993-4A36-904D-10D6F27416D6}"
	ProjectSection(ProjectDependencies) = postProject
		{0EA0C1C3-93DC-4E32-8E37-89439B6ABC3C} = {0EA0C1C3-93DC-4E32-8E37-89439B6ABC3C}
	EndProjectSection
EndProject
Project("{2150E333-8FDC-42A3-9474-1A3956D46DE8}") = "01. Client", "01. Client", "{C8D5274F-AC00-46C7-1F8D-E88E81087A52}"
EndProject
Project("{8BC9CEB8-8B4A-11D0-8D11-00A0C91BC942}") = "Engine", "Engine\Include\Engine.vcxproj", "{0EA0C1C3-93DC-4E32-8E37-89439B6ABC3C}"
EndProject
Global
	GlobalSection(SolutionConfigurationPlatforms) = preSolution
		Debug|x64 = Debug|x64
		Debug|x86 = Debug|x86
		Release|x64 = Release|x64
		Release|x86 = Release|x86
	EndGlobalSection
	GlobalSection(ProjectConfigurationPlatforms) = postSolution
		{E0FCC02A-C993-4A36-904D-10D6F27416D6}.Debug|x64.ActiveCfg = Debug|x64
		{E0FCC02A-C993-4A36-904D-10D6F27416D6}.Debug|x64.Build.0 = Debug|x64
		{E0FCC02A-C993-4A36-904D-10D6F27416D6}.Debug|x86.ActiveCfg = Debug|Win32
		{E0FCC02A-C993-4A36-904D-10D6F27416D6}.Debug|x86.Build.0 = Debug|Win32
		{E0FCC02A-C993-4A36-904D-10D6F27416D6}.Release|x64.ActiveCfg = Release|x64
		{E0FCC02A-C993-4A36-904D-10D6F27416D6}.Release|x64.Build.0 = Release|x64
		{E0FCC02A-C993-4A36-904D-10D6F27416D6}.Release|x86.ActiveCfg = Release|Win32
		{E0FCC02A-C993-4A36-904D-10D6F27416D6}.Release|x86.Build.0 = Release|Win32
		{0EA0C1C3-93DC-4E32-8E37-89439B6ABC3C}.Debug|x64.ActiveCfg = Debug|x64
		{0EA0C1C3-93DC-4E32-8E37-89439B6ABC3C}.Debug|x64.Build.0 = Debug|x64
		{0EA0C1C3-93DC-4E32-8E37-89439B6ABC3C}.Debug|x86.ActiveCfg = Debug|Win32
		{0EA0C1C3-93DC-4E32-8E37-89439B6ABC3C}.Debug|x86.Build.0 = Debug|Win32
		{0EA0C1C3-93DC-4E32-8E37-89439B6ABC3C}.Release|x64.ActiveCfg = Release|x64
		{0EA0C1C3-93DC-4E32-8E37-89439B6ABC3C}.Release|x64.Build.0 = Release|x64
		{0EA0C1C3-93DC-4E32-8E37-89439B6ABC3C}.Release|x86.ActiveCfg = Release|Win32
		{0EA0C1C3-93DC-4E32-8E37-89439B6ABC3C}.Release|x86.Build.0 = Release|Win32
	EndGlobalSection
	GlobalSection(SolutionProperties) = preSolution
		HideSolutionNode = FALSE
	EndGlobalSection
	GlobalSection(NestedProjects) = preSolution
		{E0FCC02A-C993-4A36-904D-10D6F27416D6} = {C8D5274F-AC00-46C7-1F8D-E88E81087A52}
		{0EA0C1C3-93DC-4E32-8E37-89439B6ABC3C} = {061A721D-8825-44C9-9408-B71FE012FADF}
	EndGlobalSection
	GlobalSection(ExtensibilityGlobals) = postSolution
		SolutionGuid = {5A82A6A0-EA6F-41DA-9F28-E838E6DACEBB}
	EndGlobalSection
EndGlobal
